// !$*UTF8*$!
{
	archiveVersion = 1;
	classes = {
	};
	objectVersion = 55;
	objects = {

/* Begin PBXBuildFile section */
		0F54BFFA2A3A4475006818F2 /* WidgetKit.framework in Frameworks */ = {isa = PBXBuildFile; fileRef = 0FEA20002A3A3FF2001242A0 /* WidgetKit.framework */; };
		0F54BFFB2A3A4475006818F2 /* SwiftUI.framework in Frameworks */ = {isa = PBXBuildFile; fileRef = 0FEA20022A3A3FF2001242A0 /* SwiftUI.framework */; };
		0F54BFFE2A3A4475006818F2 /* WestminsterChiefEnd.swift in Sources */ = {isa = PBXBuildFile; fileRef = 0F54BFFD2A3A4475006818F2 /* WestminsterChiefEnd.swift */; };
		0F54C0002A3A4477006818F2 /* Assets.xcassets in Resources */ = {isa = PBXBuildFile; fileRef = 0F54BFFF2A3A4477006818F2 /* Assets.xcassets */; };
		0F83B0AD2AC21CA900F4A059 /* Fonts in Resources */ = {isa = PBXBuildFile; fileRef = 0F83B0AC2AC21CA900F4A059 /* Fonts */; };
		0F83B0AF2AC21CA900F4A059 /* Fonts in Resources */ = {isa = PBXBuildFile; fileRef = 0F83B0AC2AC21CA900F4A059 /* Fonts */; };
		0F86497C2AC609CA00F0089B /* SearchWcfView.swift in Sources */ = {isa = PBXBuildFile; fileRef = 0F86497B2AC609CA00F0089B /* SearchWcfView.swift */; };
		0F86497E2AC609F200F0089B /* SearchBar.swift in Sources */ = {isa = PBXBuildFile; fileRef = 0F86497D2AC609F200F0089B /* SearchBar.swift */; };
		0F8649802AC60A7D00F0089B /* SearchCatechismView.swift in Sources */ = {isa = PBXBuildFile; fileRef = 0F86497F2AC60A7D00F0089B /* SearchCatechismView.swift */; };
		0F8761222AC28BD500230615 /* BaseViews.swift in Sources */ = {isa = PBXBuildFile; fileRef = 0F8761212AC28BD500230615 /* BaseViews.swift */; };
		0FD4886C2AC3093600ACCF3E /* QA.swift in Sources */ = {isa = PBXBuildFile; fileRef = 0FD4886B2AC3093600ACCF3E /* QA.swift */; };
		0FD4886E2AC309A700ACCF3E /* Catechism.swift in Sources */ = {isa = PBXBuildFile; fileRef = 0FD4886D2AC309A700ACCF3E /* Catechism.swift */; };
		0FD488702AC30A4900ACCF3E /* CatechismView.swift in Sources */ = {isa = PBXBuildFile; fileRef = 0FD4886F2AC30A4900ACCF3E /* CatechismView.swift */; };
		0FD488792AC3101000ACCF3E /* JsonCatechism.swift in Sources */ = {isa = PBXBuildFile; fileRef = 0FD488782AC3101000ACCF3E /* JsonCatechism.swift */; };
		0FD4887B2AC3101400ACCF3E /* JsonQA.swift in Sources */ = {isa = PBXBuildFile; fileRef = 0FD4887A2AC3101400ACCF3E /* JsonQA.swift */; };
		0FD488802AC3125000ACCF3E /* ProofsView.swift in Sources */ = {isa = PBXBuildFile; fileRef = 0FD4887F2AC3125000ACCF3E /* ProofsView.swift */; };
		0FD488822AC3126000ACCF3E /* String+Ext.swift in Sources */ = {isa = PBXBuildFile; fileRef = 0FD488812AC3126000ACCF3E /* String+Ext.swift */; };
		0FD488892AC325DF00ACCF3E /* TocPageView.swift in Sources */ = {isa = PBXBuildFile; fileRef = 0FD488882AC325DF00ACCF3E /* TocPageView.swift */; };
		0FD4888B2AC352D400ACCF3E /* Theme.swift in Sources */ = {isa = PBXBuildFile; fileRef = 0FD4888A2AC352D400ACCF3E /* Theme.swift */; };
		0FEA1FF22A3A3932001242A0 /* wlc.json in Resources */ = {isa = PBXBuildFile; fileRef = 0FEA1FEF2A3A3930001242A0 /* wlc.json */; };
		0FEA1FF42A3A3932001242A0 /* wsc.json in Resources */ = {isa = PBXBuildFile; fileRef = 0FEA1FF02A3A3931001242A0 /* wsc.json */; };
		0FEA1FF62A3A3932001242A0 /* wcf.json in Resources */ = {isa = PBXBuildFile; fileRef = 0FEA1FF12A3A3931001242A0 /* wcf.json */; };
		D805C4FC27A87307003A9AAF /* Proofs.swift in Sources */ = {isa = PBXBuildFile; fileRef = D805C4FB27A87307003A9AAF /* Proofs.swift */; };
		D80948EB2788D2B9001AC162 /* Westminster_StandardsApp.swift in Sources */ = {isa = PBXBuildFile; fileRef = D80948EA2788D2B9001AC162 /* Westminster_StandardsApp.swift */; };
		D80948ED2788D2B9001AC162 /* ContentView.swift in Sources */ = {isa = PBXBuildFile; fileRef = D80948EC2788D2B9001AC162 /* ContentView.swift */; };
		D80948EF2788D2BA001AC162 /* Assets.xcassets in Resources */ = {isa = PBXBuildFile; fileRef = D80948EE2788D2BA001AC162 /* Assets.xcassets */; };
		D80948F22788D2BA001AC162 /* Preview Assets.xcassets in Resources */ = {isa = PBXBuildFile; fileRef = D80948F12788D2BA001AC162 /* Preview Assets.xcassets */; };
		D809495E2788D460001AC162 /* WcfSection.swift in Sources */ = {isa = PBXBuildFile; fileRef = D809495D2788D460001AC162 /* WcfSection.swift */; };
		D80949602788D5B1001AC162 /* WcfChapter.swift in Sources */ = {isa = PBXBuildFile; fileRef = D809495F2788D5B1001AC162 /* WcfChapter.swift */; };
		D80949622788D64D001AC162 /* WCF.swift in Sources */ = {isa = PBXBuildFile; fileRef = D80949612788D64D001AC162 /* WCF.swift */; };
		D80949672788D956001AC162 /* LoadWcfUseCase.swift in Sources */ = {isa = PBXBuildFile; fileRef = D80949662788D956001AC162 /* LoadWcfUseCase.swift */; };
		D809496D2788EFF4001AC162 /* JsonWcfSection.swift in Sources */ = {isa = PBXBuildFile; fileRef = D809496C2788DB55001AC162 /* JsonWcfSection.swift */; };
		D809496E2788EFF4001AC162 /* JsonWcfChapter.swift in Sources */ = {isa = PBXBuildFile; fileRef = D809496B2788DB55001AC162 /* JsonWcfChapter.swift */; };
		D809496F2788EFF4001AC162 /* JsonWCF.swift in Sources */ = {isa = PBXBuildFile; fileRef = D809496A2788DB55001AC162 /* JsonWCF.swift */; };
		D809497427892DDB001AC162 /* WcfView.swift in Sources */ = {isa = PBXBuildFile; fileRef = D809497327892DDB001AC162 /* WcfView.swift */; };
		D8094982278F75F3001AC162 /* LoadWscUseCase.swift in Sources */ = {isa = PBXBuildFile; fileRef = D8094981278F75F2001AC162 /* LoadWscUseCase.swift */; };
		D8094994278FC2C7001AC162 /* LoadJsonUseCase.swift in Sources */ = {isa = PBXBuildFile; fileRef = D8094993278FC2C6001AC162 /* LoadJsonUseCase.swift */; };
		D8094996278FC50A001AC162 /* LoadWlcUseCase.swift in Sources */ = {isa = PBXBuildFile; fileRef = D8094995278FC50A001AC162 /* LoadWlcUseCase.swift */; };
		D809499A278FC528001AC162 /* WSC.swift in Sources */ = {isa = PBXBuildFile; fileRef = D8094998278FC528001AC162 /* WSC.swift */; };
		D87199AE27931AF900F27816 /* Settings.swift in Sources */ = {isa = PBXBuildFile; fileRef = D87199AD27931AF900F27816 /* Settings.swift */; };
		D87199B02793237400F27816 /* SettingsView.swift in Sources */ = {isa = PBXBuildFile; fileRef = D87199AF2793237400F27816 /* SettingsView.swift */; };
		D89B891D278FC83000A326FD /* WLC.swift in Sources */ = {isa = PBXBuildFile; fileRef = D809499E278FC52B001AC162 /* WLC.swift */; };
		D89B8929278FEEEE00A326FD /* SearchView.swift in Sources */ = {isa = PBXBuildFile; fileRef = D89B8928278FEEEE00A326FD /* SearchView.swift */; };
/* End PBXBuildFile section */

/* Begin PBXCopyFilesBuildPhase section */
		D809494B2788D2BD001AC162 /* Embed Watch Content */ = {
			isa = PBXCopyFilesBuildPhase;
			buildActionMask = 2147483647;
			dstPath = "$(CONTENTS_FOLDER_PATH)/Watch";
			dstSubfolderSpec = 16;
			files = (
			);
			name = "Embed Watch Content";
			runOnlyForDeploymentPostprocessing = 0;
		};
/* End PBXCopyFilesBuildPhase section */

/* Begin PBXFileReference section */
		0F54BFF92A3A4475006818F2 /* WestminsterChiefEndExtension.appex */ = {isa = PBXFileReference; explicitFileType = "wrapper.app-extension"; includeInIndex = 0; path = WestminsterChiefEndExtension.appex; sourceTree = BUILT_PRODUCTS_DIR; };
		0F54BFFD2A3A4475006818F2 /* WestminsterChiefEnd.swift */ = {isa = PBXFileReference; lastKnownFileType = sourcecode.swift; path = WestminsterChiefEnd.swift; sourceTree = "<group>"; };
		0F54BFFF2A3A4477006818F2 /* Assets.xcassets */ = {isa = PBXFileReference; lastKnownFileType = folder.assetcatalog; path = Assets.xcassets; sourceTree = "<group>"; };
		0F54C0012A3A4477006818F2 /* Info.plist */ = {isa = PBXFileReference; lastKnownFileType = text.plist.xml; name = Info.plist; path = "/Users/mrobertson/Code/iOS/westminster-ios/WestminsterChiefEnd/Info.plist"; sourceTree = "<absolute>"; };
		0F83B09D2AC20FFB00F4A059 /* Westminster-Standards-Info.plist */ = {isa = PBXFileReference; lastKnownFileType = text.plist.xml; name = "Westminster-Standards-Info.plist"; path = "../Westminster-Standards-Info.plist"; sourceTree = "<group>"; };
		0F83B0AC2AC21CA900F4A059 /* Fonts */ = {isa = PBXFileReference; lastKnownFileType = folder; path = Fonts; sourceTree = "<group>"; };
		0F86497B2AC609CA00F0089B /* SearchWcfView.swift */ = {isa = PBXFileReference; lastKnownFileType = sourcecode.swift; path = SearchWcfView.swift; sourceTree = "<group>"; };
		0F86497D2AC609F200F0089B /* SearchBar.swift */ = {isa = PBXFileReference; lastKnownFileType = sourcecode.swift; path = SearchBar.swift; sourceTree = "<group>"; };
		0F86497F2AC60A7D00F0089B /* SearchCatechismView.swift */ = {isa = PBXFileReference; lastKnownFileType = sourcecode.swift; path = SearchCatechismView.swift; sourceTree = "<group>"; };
		0F8761212AC28BD500230615 /* BaseViews.swift */ = {isa = PBXFileReference; lastKnownFileType = sourcecode.swift; path = BaseViews.swift; sourceTree = "<group>"; };
		0FD4886B2AC3093600ACCF3E /* QA.swift */ = {isa = PBXFileReference; lastKnownFileType = sourcecode.swift; path = QA.swift; sourceTree = "<group>"; };
		0FD4886D2AC309A700ACCF3E /* Catechism.swift */ = {isa = PBXFileReference; lastKnownFileType = sourcecode.swift; path = Catechism.swift; sourceTree = "<group>"; };
		0FD4886F2AC30A4900ACCF3E /* CatechismView.swift */ = {isa = PBXFileReference; lastKnownFileType = sourcecode.swift; path = CatechismView.swift; sourceTree = "<group>"; };
		0FD488782AC3101000ACCF3E /* JsonCatechism.swift */ = {isa = PBXFileReference; lastKnownFileType = sourcecode.swift; path = JsonCatechism.swift; sourceTree = "<group>"; };
		0FD4887A2AC3101400ACCF3E /* JsonQA.swift */ = {isa = PBXFileReference; lastKnownFileType = sourcecode.swift; path = JsonQA.swift; sourceTree = "<group>"; };
		0FD4887F2AC3125000ACCF3E /* ProofsView.swift */ = {isa = PBXFileReference; lastKnownFileType = sourcecode.swift; path = ProofsView.swift; sourceTree = "<group>"; };
		0FD488812AC3126000ACCF3E /* String+Ext.swift */ = {isa = PBXFileReference; lastKnownFileType = sourcecode.swift; path = "String+Ext.swift"; sourceTree = "<group>"; };
		0FD488882AC325DF00ACCF3E /* TocPageView.swift */ = {isa = PBXFileReference; lastKnownFileType = sourcecode.swift; path = TocPageView.swift; sourceTree = "<group>"; };
		0FD4888A2AC352D400ACCF3E /* Theme.swift */ = {isa = PBXFileReference; lastKnownFileType = sourcecode.swift; path = Theme.swift; sourceTree = "<group>"; };
		0FEA1FEF2A3A3930001242A0 /* wlc.json */ = {isa = PBXFileReference; fileEncoding = 4; lastKnownFileType = text.json; path = wlc.json; sourceTree = "<group>"; };
		0FEA1FF02A3A3931001242A0 /* wsc.json */ = {isa = PBXFileReference; fileEncoding = 4; lastKnownFileType = text.json; path = wsc.json; sourceTree = "<group>"; };
		0FEA1FF12A3A3931001242A0 /* wcf.json */ = {isa = PBXFileReference; fileEncoding = 4; lastKnownFileType = text.json; path = wcf.json; sourceTree = "<group>"; };
		0FEA20002A3A3FF2001242A0 /* WidgetKit.framework */ = {isa = PBXFileReference; lastKnownFileType = wrapper.framework; name = WidgetKit.framework; path = System/Library/Frameworks/WidgetKit.framework; sourceTree = SDKROOT; };
		0FEA20022A3A3FF2001242A0 /* SwiftUI.framework */ = {isa = PBXFileReference; lastKnownFileType = wrapper.framework; name = SwiftUI.framework; path = System/Library/Frameworks/SwiftUI.framework; sourceTree = SDKROOT; };
		D805C4FB27A87307003A9AAF /* Proofs.swift */ = {isa = PBXFileReference; lastKnownFileType = sourcecode.swift; path = Proofs.swift; sourceTree = "<group>"; };
		D80948E72788D2B9001AC162 /* Westminster Standards.app */ = {isa = PBXFileReference; explicitFileType = wrapper.application; includeInIndex = 0; path = "Westminster Standards.app"; sourceTree = BUILT_PRODUCTS_DIR; };
		D80948EA2788D2B9001AC162 /* Westminster_StandardsApp.swift */ = {isa = PBXFileReference; lastKnownFileType = sourcecode.swift; path = Westminster_StandardsApp.swift; sourceTree = "<group>"; };
		D80948EC2788D2B9001AC162 /* ContentView.swift */ = {isa = PBXFileReference; lastKnownFileType = sourcecode.swift; path = ContentView.swift; sourceTree = "<group>"; };
		D80948EE2788D2BA001AC162 /* Assets.xcassets */ = {isa = PBXFileReference; lastKnownFileType = folder.assetcatalog; path = Assets.xcassets; sourceTree = "<group>"; };
		D80948F12788D2BA001AC162 /* Preview Assets.xcassets */ = {isa = PBXFileReference; lastKnownFileType = folder.assetcatalog; path = "Preview Assets.xcassets"; sourceTree = "<group>"; };
		D809495D2788D460001AC162 /* WcfSection.swift */ = {isa = PBXFileReference; lastKnownFileType = sourcecode.swift; path = WcfSection.swift; sourceTree = "<group>"; };
		D809495F2788D5B1001AC162 /* WcfChapter.swift */ = {isa = PBXFileReference; lastKnownFileType = sourcecode.swift; path = WcfChapter.swift; sourceTree = "<group>"; };
		D80949612788D64D001AC162 /* WCF.swift */ = {isa = PBXFileReference; lastKnownFileType = sourcecode.swift; path = WCF.swift; sourceTree = "<group>"; };
		D80949662788D956001AC162 /* LoadWcfUseCase.swift */ = {isa = PBXFileReference; lastKnownFileType = sourcecode.swift; path = LoadWcfUseCase.swift; sourceTree = "<group>"; };
		D809496A2788DB55001AC162 /* JsonWCF.swift */ = {isa = PBXFileReference; lastKnownFileType = sourcecode.swift; path = JsonWCF.swift; sourceTree = "<group>"; };
		D809496B2788DB55001AC162 /* JsonWcfChapter.swift */ = {isa = PBXFileReference; lastKnownFileType = sourcecode.swift; path = JsonWcfChapter.swift; sourceTree = "<group>"; };
		D809496C2788DB55001AC162 /* JsonWcfSection.swift */ = {isa = PBXFileReference; lastKnownFileType = sourcecode.swift; path = JsonWcfSection.swift; sourceTree = "<group>"; };
		D809497327892DDB001AC162 /* WcfView.swift */ = {isa = PBXFileReference; lastKnownFileType = sourcecode.swift; path = WcfView.swift; sourceTree = "<group>"; };
		D8094981278F75F2001AC162 /* LoadWscUseCase.swift */ = {isa = PBXFileReference; lastKnownFileType = sourcecode.swift; path = LoadWscUseCase.swift; sourceTree = "<group>"; };
		D8094993278FC2C6001AC162 /* LoadJsonUseCase.swift */ = {isa = PBXFileReference; lastKnownFileType = sourcecode.swift; path = LoadJsonUseCase.swift; sourceTree = "<group>"; };
		D8094995278FC50A001AC162 /* LoadWlcUseCase.swift */ = {isa = PBXFileReference; lastKnownFileType = sourcecode.swift; path = LoadWlcUseCase.swift; sourceTree = "<group>"; };
		D8094998278FC528001AC162 /* WSC.swift */ = {isa = PBXFileReference; lastKnownFileType = sourcecode.swift; path = WSC.swift; sourceTree = "<group>"; };
		D809499E278FC52B001AC162 /* WLC.swift */ = {isa = PBXFileReference; lastKnownFileType = sourcecode.swift; path = WLC.swift; sourceTree = "<group>"; };
		D87199AD27931AF900F27816 /* Settings.swift */ = {isa = PBXFileReference; lastKnownFileType = sourcecode.swift; path = Settings.swift; sourceTree = "<group>"; };
		D87199AF2793237400F27816 /* SettingsView.swift */ = {isa = PBXFileReference; lastKnownFileType = sourcecode.swift; path = SettingsView.swift; sourceTree = "<group>"; };
		D89B8928278FEEEE00A326FD /* SearchView.swift */ = {isa = PBXFileReference; lastKnownFileType = sourcecode.swift; path = SearchView.swift; sourceTree = "<group>"; };
/* End PBXFileReference section */

/* Begin PBXFrameworksBuildPhase section */
		0F54BFF62A3A4475006818F2 /* Frameworks */ = {
			isa = PBXFrameworksBuildPhase;
			buildActionMask = 2147483647;
			files = (
				0F54BFFB2A3A4475006818F2 /* SwiftUI.framework in Frameworks */,
				0F54BFFA2A3A4475006818F2 /* WidgetKit.framework in Frameworks */,
			);
			runOnlyForDeploymentPostprocessing = 0;
		};
		D80948E42788D2B9001AC162 /* Frameworks */ = {
			isa = PBXFrameworksBuildPhase;
			buildActionMask = 2147483647;
			files = (
			);
			runOnlyForDeploymentPostprocessing = 0;
		};
/* End PBXFrameworksBuildPhase section */

/* Begin PBXGroup section */
		0F54BFFC2A3A4475006818F2 /* WestminsterChiefEnd */ = {
			isa = PBXGroup;
			children = (
				0F54BFFD2A3A4475006818F2 /* WestminsterChiefEnd.swift */,
				0F54BFFF2A3A4477006818F2 /* Assets.xcassets */,
				0F54C0012A3A4477006818F2 /* Info.plist */,
			);
			path = WestminsterChiefEnd;
			sourceTree = "<group>";
		};
		0F86497A2AC609AF00F0089B /* Search */ = {
			isa = PBXGroup;
			children = (
				0F86497D2AC609F200F0089B /* SearchBar.swift */,
				0F86497B2AC609CA00F0089B /* SearchWcfView.swift */,
				0F86497F2AC60A7D00F0089B /* SearchCatechismView.swift */,
				D89B8928278FEEEE00A326FD /* SearchView.swift */,
			);
			path = Search;
			sourceTree = "<group>";
		};
		0FD4887C2AC3105600ACCF3E /* catechism */ = {
			isa = PBXGroup;
			children = (
				0FD488782AC3101000ACCF3E /* JsonCatechism.swift */,
				0FD4887A2AC3101400ACCF3E /* JsonQA.swift */,
			);
			path = catechism;
			sourceTree = "<group>";
		};
		0FD488852AC3237A00ACCF3E /* TableOfContents */ = {
			isa = PBXGroup;
			children = (
				0FD488882AC325DF00ACCF3E /* TocPageView.swift */,
			);
			path = TableOfContents;
			sourceTree = "<group>";
		};
		0FD488862AC3238D00ACCF3E /* Ext */ = {
			isa = PBXGroup;
			children = (
				0FD488812AC3126000ACCF3E /* String+Ext.swift */,
			);
			path = Ext;
			sourceTree = "<group>";
		};
		0FD488872AC323A500ACCF3E /* Content */ = {
			isa = PBXGroup;
			children = (
				D809497327892DDB001AC162 /* WcfView.swift */,
				0FD4886F2AC30A4900ACCF3E /* CatechismView.swift */,
				0F8761212AC28BD500230615 /* BaseViews.swift */,
				0FD4887F2AC3125000ACCF3E /* ProofsView.swift */,
			);
			path = Content;
			sourceTree = "<group>";
		};
		0FEA1FFF2A3A3FF2001242A0 /* Frameworks */ = {
			isa = PBXGroup;
			children = (
				0FEA20002A3A3FF2001242A0 /* WidgetKit.framework */,
				0FEA20022A3A3FF2001242A0 /* SwiftUI.framework */,
			);
			name = Frameworks;
			sourceTree = "<group>";
		};
		D80948DE2788D2B9001AC162 = {
			isa = PBXGroup;
			children = (
				0F83B0AC2AC21CA900F4A059 /* Fonts */,
				D80948E92788D2B9001AC162 /* Westminster Standards */,
				0F54BFFC2A3A4475006818F2 /* WestminsterChiefEnd */,
				0FEA1FFF2A3A3FF2001242A0 /* Frameworks */,
				D80948E82788D2B9001AC162 /* Products */,
			);
			sourceTree = "<group>";
		};
		D80948E82788D2B9001AC162 /* Products */ = {
			isa = PBXGroup;
			children = (
				D80948E72788D2B9001AC162 /* Westminster Standards.app */,
				0F54BFF92A3A4475006818F2 /* WestminsterChiefEndExtension.appex */,
			);
			name = Products;
			sourceTree = "<group>";
		};
		D80948E92788D2B9001AC162 /* Westminster Standards */ = {
			isa = PBXGroup;
			children = (
				0F83B09D2AC20FFB00F4A059 /* Westminster-Standards-Info.plist */,
				D809495B2788D36F001AC162 /* Domain */,
				D80949682788DB14001AC162 /* Data */,
				D809497227892DA4001AC162 /* UI */,
				D80948EA2788D2B9001AC162 /* Westminster_StandardsApp.swift */,
				D80948EE2788D2BA001AC162 /* Assets.xcassets */,
				D80948F02788D2BA001AC162 /* Preview Content */,
			);
			path = "Westminster Standards";
			sourceTree = "<group>";
		};
		D80948F02788D2BA001AC162 /* Preview Content */ = {
			isa = PBXGroup;
			children = (
				D80948F12788D2BA001AC162 /* Preview Assets.xcassets */,
			);
			path = "Preview Content";
			sourceTree = "<group>";
		};
		D809495B2788D36F001AC162 /* Domain */ = {
			isa = PBXGroup;
			children = (
				D80949632788D8AD001AC162 /* Interactor */,
				D809495C2788D37C001AC162 /* Model */,
			);
			path = Domain;
			sourceTree = "<group>";
		};
		D809495C2788D37C001AC162 /* Model */ = {
			isa = PBXGroup;
			children = (
				D8094979278F74C9001AC162 /* wcf */,
				D809499C278FC52B001AC162 /* wlc */,
				D8094997278FC528001AC162 /* wsc */,
				D805C4FB27A87307003A9AAF /* Proofs.swift */,
				0FD4886B2AC3093600ACCF3E /* QA.swift */,
				0FD4886D2AC309A700ACCF3E /* Catechism.swift */,
			);
			path = Model;
			sourceTree = "<group>";
		};
		D80949632788D8AD001AC162 /* Interactor */ = {
			isa = PBXGroup;
			children = (
				D80949662788D956001AC162 /* LoadWcfUseCase.swift */,
				D8094993278FC2C6001AC162 /* LoadJsonUseCase.swift */,
				D8094995278FC50A001AC162 /* LoadWlcUseCase.swift */,
				D8094981278F75F2001AC162 /* LoadWscUseCase.swift */,
			);
			path = Interactor;
			sourceTree = "<group>";
		};
		D80949682788DB14001AC162 /* Data */ = {
			isa = PBXGroup;
			children = (
				0FEA1FF12A3A3931001242A0 /* wcf.json */,
				0FEA1FEF2A3A3930001242A0 /* wlc.json */,
				0FEA1FF02A3A3931001242A0 /* wsc.json */,
				D80949692788DB4D001AC162 /* Model */,
			);
			path = Data;
			sourceTree = "<group>";
		};
		D80949692788DB4D001AC162 /* Model */ = {
			isa = PBXGroup;
			children = (
				0FD4887C2AC3105600ACCF3E /* catechism */,
				D8094983278F766D001AC162 /* wcf */,
				D87199AD27931AF900F27816 /* Settings.swift */,
			);
			path = Model;
			sourceTree = "<group>";
		};
		D809497227892DA4001AC162 /* UI */ = {
			isa = PBXGroup;
			children = (
				0FD488872AC323A500ACCF3E /* Content */,
				0FD488862AC3238D00ACCF3E /* Ext */,
				0F86497A2AC609AF00F0089B /* Search */,
				0FD488852AC3237A00ACCF3E /* TableOfContents */,
				D80948EC2788D2B9001AC162 /* ContentView.swift */,
				D87199AF2793237400F27816 /* SettingsView.swift */,
				0FD4888A2AC352D400ACCF3E /* Theme.swift */,
			);
			path = UI;
			sourceTree = "<group>";
		};
		D8094979278F74C9001AC162 /* wcf */ = {
			isa = PBXGroup;
			children = (
				D809495F2788D5B1001AC162 /* WcfChapter.swift */,
				D80949612788D64D001AC162 /* WCF.swift */,
				D809495D2788D460001AC162 /* WcfSection.swift */,
			);
			path = wcf;
			sourceTree = "<group>";
		};
		D8094983278F766D001AC162 /* wcf */ = {
			isa = PBXGroup;
			children = (
				D809496B2788DB55001AC162 /* JsonWcfChapter.swift */,
				D809496A2788DB55001AC162 /* JsonWCF.swift */,
				D809496C2788DB55001AC162 /* JsonWcfSection.swift */,
			);
			path = wcf;
			sourceTree = "<group>";
		};
		D8094997278FC528001AC162 /* wsc */ = {
			isa = PBXGroup;
			children = (
				D8094998278FC528001AC162 /* WSC.swift */,
			);
			path = wsc;
			sourceTree = "<group>";
		};
		D809499C278FC52B001AC162 /* wlc */ = {
			isa = PBXGroup;
			children = (
				D809499E278FC52B001AC162 /* WLC.swift */,
			);
			path = wlc;
			sourceTree = "<group>";
		};
/* End PBXGroup section */

/* Begin PBXNativeTarget section */
		0F54BFF82A3A4475006818F2 /* WestminsterChiefEndExtension */ = {
			isa = PBXNativeTarget;
			buildConfigurationList = 0F54C0052A3A4477006818F2 /* Build configuration list for PBXNativeTarget "WestminsterChiefEndExtension" */;
			buildPhases = (
				0F54BFF52A3A4475006818F2 /* Sources */,
				0F54BFF62A3A4475006818F2 /* Frameworks */,
				0F54BFF72A3A4475006818F2 /* Resources */,
			);
			buildRules = (
			);
			dependencies = (
			);
			name = WestminsterChiefEndExtension;
			productName = WestminsterChiefEndExtension;
			productReference = 0F54BFF92A3A4475006818F2 /* WestminsterChiefEndExtension.appex */;
			productType = "com.apple.product-type.app-extension";
		};
		D80948E62788D2B9001AC162 /* Westminster Standards */ = {
			isa = PBXNativeTarget;
			buildConfigurationList = D809494C2788D2BD001AC162 /* Build configuration list for PBXNativeTarget "Westminster Standards" */;
			buildPhases = (
				D80948E32788D2B9001AC162 /* Sources */,
				D80948E42788D2B9001AC162 /* Frameworks */,
				D80948E52788D2B9001AC162 /* Resources */,
				D809494B2788D2BD001AC162 /* Embed Watch Content */,
			);
			buildRules = (
			);
			dependencies = (
			);
			name = "Westminster Standards";
			productName = "Westminster Standards";
			productReference = D80948E72788D2B9001AC162 /* Westminster Standards.app */;
			productType = "com.apple.product-type.application";
		};
/* End PBXNativeTarget section */

/* Begin PBXProject section */
		D80948DF2788D2B9001AC162 /* Project object */ = {
			isa = PBXProject;
			attributes = {
				BuildIndependentTargetsInParallel = 1;
				LastSwiftUpdateCheck = 1430;
				LastUpgradeCheck = 1300;
				TargetAttributes = {
					0F54BFF82A3A4475006818F2 = {
						CreatedOnToolsVersion = 14.3;
					};
					D80948E62788D2B9001AC162 = {
						CreatedOnToolsVersion = 13.0;
					};
				};
			};
			buildConfigurationList = D80948E22788D2B9001AC162 /* Build configuration list for PBXProject "Westminster Standards" */;
			compatibilityVersion = "Xcode 13.0";
			developmentRegion = en;
			hasScannedForEncodings = 0;
			knownRegions = (
				en,
				Base,
			);
			mainGroup = D80948DE2788D2B9001AC162;
			productRefGroup = D80948E82788D2B9001AC162 /* Products */;
			projectDirPath = "";
			projectRoot = "";
			targets = (
				D80948E62788D2B9001AC162 /* Westminster Standards */,
				0F54BFF82A3A4475006818F2 /* WestminsterChiefEndExtension */,
			);
		};
/* End PBXProject section */

/* Begin PBXResourcesBuildPhase section */
		0F54BFF72A3A4475006818F2 /* Resources */ = {
			isa = PBXResourcesBuildPhase;
			buildActionMask = 2147483647;
			files = (
				0F54C0002A3A4477006818F2 /* Assets.xcassets in Resources */,
				0F83B0AF2AC21CA900F4A059 /* Fonts in Resources */,
			);
			runOnlyForDeploymentPostprocessing = 0;
		};
		D80948E52788D2B9001AC162 /* Resources */ = {
			isa = PBXResourcesBuildPhase;
			buildActionMask = 2147483647;
			files = (
				0FEA1FF62A3A3932001242A0 /* wcf.json in Resources */,
				0FEA1FF42A3A3932001242A0 /* wsc.json in Resources */,
				D80948F22788D2BA001AC162 /* Preview Assets.xcassets in Resources */,
				0FEA1FF22A3A3932001242A0 /* wlc.json in Resources */,
				D80948EF2788D2BA001AC162 /* Assets.xcassets in Resources */,
				0F83B0AD2AC21CA900F4A059 /* Fonts in Resources */,
			);
			runOnlyForDeploymentPostprocessing = 0;
		};
/* End PBXResourcesBuildPhase section */

/* Begin PBXSourcesBuildPhase section */
		0F54BFF52A3A4475006818F2 /* Sources */ = {
			isa = PBXSourcesBuildPhase;
			buildActionMask = 2147483647;
			files = (
				0F54BFFE2A3A4475006818F2 /* WestminsterChiefEnd.swift in Sources */,
			);
			runOnlyForDeploymentPostprocessing = 0;
		};
		D80948E32788D2B9001AC162 /* Sources */ = {
			isa = PBXSourcesBuildPhase;
			buildActionMask = 2147483647;
			files = (
				D80949602788D5B1001AC162 /* WcfChapter.swift in Sources */,
				D87199AE27931AF900F27816 /* Settings.swift in Sources */,
				D809496F2788EFF4001AC162 /* JsonWCF.swift in Sources */,
				0FD488822AC3126000ACCF3E /* String+Ext.swift in Sources */,
				0FD4887B2AC3101400ACCF3E /* JsonQA.swift in Sources */,
				0FD4886E2AC309A700ACCF3E /* Catechism.swift in Sources */,
				D80948ED2788D2B9001AC162 /* ContentView.swift in Sources */,
				D8094996278FC50A001AC162 /* LoadWlcUseCase.swift in Sources */,
				D8094982278F75F3001AC162 /* LoadWscUseCase.swift in Sources */,
				0FD488702AC30A4900ACCF3E /* CatechismView.swift in Sources */,
				D89B8929278FEEEE00A326FD /* SearchView.swift in Sources */,
				D8094994278FC2C7001AC162 /* LoadJsonUseCase.swift in Sources */,
				D80949622788D64D001AC162 /* WCF.swift in Sources */,
				0FD488792AC3101000ACCF3E /* JsonCatechism.swift in Sources */,
				0F86497E2AC609F200F0089B /* SearchBar.swift in Sources */,
				0FD488892AC325DF00ACCF3E /* TocPageView.swift in Sources */,
				0FD4886C2AC3093600ACCF3E /* QA.swift in Sources */,
				0FD488802AC3125000ACCF3E /* ProofsView.swift in Sources */,
				D809496E2788EFF4001AC162 /* JsonWcfChapter.swift in Sources */,
				D89B891D278FC83000A326FD /* WLC.swift in Sources */,
				D805C4FC27A87307003A9AAF /* Proofs.swift in Sources */,
				D80948EB2788D2B9001AC162 /* Westminster_StandardsApp.swift in Sources */,
				D809499A278FC528001AC162 /* WSC.swift in Sources */,
				0F86497C2AC609CA00F0089B /* SearchWcfView.swift in Sources */,
				D80949672788D956001AC162 /* LoadWcfUseCase.swift in Sources */,
				0FD4888B2AC352D400ACCF3E /* Theme.swift in Sources */,
				0F8761222AC28BD500230615 /* BaseViews.swift in Sources */,
				D87199B02793237400F27816 /* SettingsView.swift in Sources */,
				D809497427892DDB001AC162 /* WcfView.swift in Sources */,
				D809496D2788EFF4001AC162 /* JsonWcfSection.swift in Sources */,
				D809495E2788D460001AC162 /* WcfSection.swift in Sources */,
				0F8649802AC60A7D00F0089B /* SearchCatechismView.swift in Sources */,
			);
			runOnlyForDeploymentPostprocessing = 0;
		};
/* End PBXSourcesBuildPhase section */

/* Begin XCBuildConfiguration section */
		0F54C0062A3A4477006818F2 /* Debug */ = {
			isa = XCBuildConfiguration;
			buildSettings = {
				ASSETCATALOG_COMPILER_GLOBAL_ACCENT_COLOR_NAME = AccentColor;
				ASSETCATALOG_COMPILER_WIDGET_BACKGROUND_COLOR_NAME = WidgetBackground;
				CLANG_CXX_LANGUAGE_STANDARD = "gnu++20";
				CODE_SIGN_STYLE = Automatic;
				CURRENT_PROJECT_VERSION = 1;
				DEVELOPMENT_TEAM = YUCN7Q2M34;
				GENERATE_INFOPLIST_FILE = YES;
				INFOPLIST_FILE = WestminsterChiefEnd/Info.plist;
				INFOPLIST_KEY_CFBundleDisplayName = WestminsterChiefEnd;
				INFOPLIST_KEY_NSHumanReadableCopyright = "";
				LD_RUNPATH_SEARCH_PATHS = (
					"$(inherited)",
					"@executable_path/Frameworks",
					"@executable_path/../../Frameworks",
					"@executable_path/../../../../Frameworks",
				);
				MARKETING_VERSION = 1.0;
				PRODUCT_BUNDLE_IDENTIFIER = "com.mattrobertson.Westminster-Standards.watchkitapp.WestminsterChiefEnd";
				PRODUCT_NAME = "$(TARGET_NAME)";
				SDKROOT = watchos;
				SKIP_INSTALL = YES;
				SWIFT_EMIT_LOC_STRINGS = YES;
				SWIFT_VERSION = 5.0;
				TARGETED_DEVICE_FAMILY = 4;
				WATCHOS_DEPLOYMENT_TARGET = 9.0;
			};
			name = Debug;
		};
		0F54C0072A3A4477006818F2 /* Release */ = {
			isa = XCBuildConfiguration;
			buildSettings = {
				ASSETCATALOG_COMPILER_GLOBAL_ACCENT_COLOR_NAME = AccentColor;
				ASSETCATALOG_COMPILER_WIDGET_BACKGROUND_COLOR_NAME = WidgetBackground;
				CLANG_CXX_LANGUAGE_STANDARD = "gnu++20";
				CODE_SIGN_STYLE = Automatic;
				CURRENT_PROJECT_VERSION = 1;
				DEVELOPMENT_TEAM = YUCN7Q2M34;
				GENERATE_INFOPLIST_FILE = YES;
				INFOPLIST_FILE = WestminsterChiefEnd/Info.plist;
				INFOPLIST_KEY_CFBundleDisplayName = WestminsterChiefEnd;
				INFOPLIST_KEY_NSHumanReadableCopyright = "";
				LD_RUNPATH_SEARCH_PATHS = (
					"$(inherited)",
					"@executable_path/Frameworks",
					"@executable_path/../../Frameworks",
					"@executable_path/../../../../Frameworks",
				);
				MARKETING_VERSION = 1.0;
				PRODUCT_BUNDLE_IDENTIFIER = "com.mattrobertson.Westminster-Standards.watchkitapp.WestminsterChiefEnd";
				PRODUCT_NAME = "$(TARGET_NAME)";
				SDKROOT = watchos;
				SKIP_INSTALL = YES;
				SWIFT_EMIT_LOC_STRINGS = YES;
				SWIFT_VERSION = 5.0;
				TARGETED_DEVICE_FAMILY = 4;
				VALIDATE_PRODUCT = YES;
				WATCHOS_DEPLOYMENT_TARGET = 9.0;
			};
			name = Release;
		};
		D80949422788D2BD001AC162 /* Debug */ = {
			isa = XCBuildConfiguration;
			buildSettings = {
				ALWAYS_SEARCH_USER_PATHS = NO;
				CLANG_ANALYZER_NONNULL = YES;
				CLANG_ANALYZER_NUMBER_OBJECT_CONVERSION = YES_AGGRESSIVE;
				CLANG_CXX_LANGUAGE_STANDARD = "gnu++17";
				CLANG_CXX_LIBRARY = "libc++";
				CLANG_ENABLE_MODULES = YES;
				CLANG_ENABLE_OBJC_ARC = YES;
				CLANG_ENABLE_OBJC_WEAK = YES;
				CLANG_WARN_BLOCK_CAPTURE_AUTORELEASING = YES;
				CLANG_WARN_BOOL_CONVERSION = YES;
				CLANG_WARN_COMMA = YES;
				CLANG_WARN_CONSTANT_CONVERSION = YES;
				CLANG_WARN_DEPRECATED_OBJC_IMPLEMENTATIONS = YES;
				CLANG_WARN_DIRECT_OBJC_ISA_USAGE = YES_ERROR;
				CLANG_WARN_DOCUMENTATION_COMMENTS = YES;
				CLANG_WARN_EMPTY_BODY = YES;
				CLANG_WARN_ENUM_CONVERSION = YES;
				CLANG_WARN_INFINITE_RECURSION = YES;
				CLANG_WARN_INT_CONVERSION = YES;
				CLANG_WARN_NON_LITERAL_NULL_CONVERSION = YES;
				CLANG_WARN_OBJC_IMPLICIT_RETAIN_SELF = YES;
				CLANG_WARN_OBJC_LITERAL_CONVERSION = YES;
				CLANG_WARN_OBJC_ROOT_CLASS = YES_ERROR;
				CLANG_WARN_QUOTED_INCLUDE_IN_FRAMEWORK_HEADER = YES;
				CLANG_WARN_RANGE_LOOP_ANALYSIS = YES;
				CLANG_WARN_STRICT_PROTOTYPES = YES;
				CLANG_WARN_SUSPICIOUS_MOVE = YES;
				CLANG_WARN_UNGUARDED_AVAILABILITY = YES_AGGRESSIVE;
				CLANG_WARN_UNREACHABLE_CODE = YES;
				CLANG_WARN__DUPLICATE_METHOD_MATCH = YES;
				COPY_PHASE_STRIP = NO;
				DEBUG_INFORMATION_FORMAT = dwarf;
				ENABLE_STRICT_OBJC_MSGSEND = YES;
				ENABLE_TESTABILITY = YES;
				GCC_C_LANGUAGE_STANDARD = gnu11;
				GCC_DYNAMIC_NO_PIC = NO;
				GCC_NO_COMMON_BLOCKS = YES;
				GCC_OPTIMIZATION_LEVEL = 0;
				GCC_PREPROCESSOR_DEFINITIONS = (
					"DEBUG=1",
					"$(inherited)",
				);
				GCC_WARN_64_TO_32_BIT_CONVERSION = YES;
				GCC_WARN_ABOUT_RETURN_TYPE = YES_ERROR;
				GCC_WARN_UNDECLARED_SELECTOR = YES;
				GCC_WARN_UNINITIALIZED_AUTOS = YES_AGGRESSIVE;
				GCC_WARN_UNUSED_FUNCTION = YES;
				GCC_WARN_UNUSED_VARIABLE = YES;
				MTL_ENABLE_DEBUG_INFO = INCLUDE_SOURCE;
				MTL_FAST_MATH = YES;
				ONLY_ACTIVE_ARCH = YES;
				SWIFT_ACTIVE_COMPILATION_CONDITIONS = DEBUG;
				SWIFT_OPTIMIZATION_LEVEL = "-Onone";
			};
			name = Debug;
		};
		D80949432788D2BD001AC162 /* Release */ = {
			isa = XCBuildConfiguration;
			buildSettings = {
				ALWAYS_SEARCH_USER_PATHS = NO;
				CLANG_ANALYZER_NONNULL = YES;
				CLANG_ANALYZER_NUMBER_OBJECT_CONVERSION = YES_AGGRESSIVE;
				CLANG_CXX_LANGUAGE_STANDARD = "gnu++17";
				CLANG_CXX_LIBRARY = "libc++";
				CLANG_ENABLE_MODULES = YES;
				CLANG_ENABLE_OBJC_ARC = YES;
				CLANG_ENABLE_OBJC_WEAK = YES;
				CLANG_WARN_BLOCK_CAPTURE_AUTORELEASING = YES;
				CLANG_WARN_BOOL_CONVERSION = YES;
				CLANG_WARN_COMMA = YES;
				CLANG_WARN_CONSTANT_CONVERSION = YES;
				CLANG_WARN_DEPRECATED_OBJC_IMPLEMENTATIONS = YES;
				CLANG_WARN_DIRECT_OBJC_ISA_USAGE = YES_ERROR;
				CLANG_WARN_DOCUMENTATION_COMMENTS = YES;
				CLANG_WARN_EMPTY_BODY = YES;
				CLANG_WARN_ENUM_CONVERSION = YES;
				CLANG_WARN_INFINITE_RECURSION = YES;
				CLANG_WARN_INT_CONVERSION = YES;
				CLANG_WARN_NON_LITERAL_NULL_CONVERSION = YES;
				CLANG_WARN_OBJC_IMPLICIT_RETAIN_SELF = YES;
				CLANG_WARN_OBJC_LITERAL_CONVERSION = YES;
				CLANG_WARN_OBJC_ROOT_CLASS = YES_ERROR;
				CLANG_WARN_QUOTED_INCLUDE_IN_FRAMEWORK_HEADER = YES;
				CLANG_WARN_RANGE_LOOP_ANALYSIS = YES;
				CLANG_WARN_STRICT_PROTOTYPES = YES;
				CLANG_WARN_SUSPICIOUS_MOVE = YES;
				CLANG_WARN_UNGUARDED_AVAILABILITY = YES_AGGRESSIVE;
				CLANG_WARN_UNREACHABLE_CODE = YES;
				CLANG_WARN__DUPLICATE_METHOD_MATCH = YES;
				COPY_PHASE_STRIP = NO;
				DEBUG_INFORMATION_FORMAT = "dwarf-with-dsym";
				ENABLE_NS_ASSERTIONS = NO;
				ENABLE_STRICT_OBJC_MSGSEND = YES;
				GCC_C_LANGUAGE_STANDARD = gnu11;
				GCC_NO_COMMON_BLOCKS = YES;
				GCC_WARN_64_TO_32_BIT_CONVERSION = YES;
				GCC_WARN_ABOUT_RETURN_TYPE = YES_ERROR;
				GCC_WARN_UNDECLARED_SELECTOR = YES;
				GCC_WARN_UNINITIALIZED_AUTOS = YES_AGGRESSIVE;
				GCC_WARN_UNUSED_FUNCTION = YES;
				GCC_WARN_UNUSED_VARIABLE = YES;
				MTL_ENABLE_DEBUG_INFO = NO;
				MTL_FAST_MATH = YES;
				SWIFT_COMPILATION_MODE = wholemodule;
				SWIFT_OPTIMIZATION_LEVEL = "-O";
			};
			name = Release;
		};
		D809494D2788D2BD001AC162 /* Debug */ = {
			isa = XCBuildConfiguration;
			buildSettings = {
				ALWAYS_EMBED_SWIFT_STANDARD_LIBRARIES = YES;
				ASSETCATALOG_COMPILER_APPICON_NAME = AppIcon;
				ASSETCATALOG_COMPILER_GLOBAL_ACCENT_COLOR_NAME = AccentColor;
				CODE_SIGN_STYLE = Automatic;
				CURRENT_PROJECT_VERSION = 1;
				DEVELOPMENT_ASSET_PATHS = "\"Westminster Standards/Preview Content\"";
				DEVELOPMENT_TEAM = YUCN7Q2M34;
				ENABLE_PREVIEWS = YES;
				GENERATE_INFOPLIST_FILE = YES;
				INFOPLIST_FILE = "Westminster-Standards-Info.plist";
				INFOPLIST_KEY_CFBundleDisplayName = Westminster;
				INFOPLIST_KEY_LSApplicationCategoryType = "public.app-category.reference";
				INFOPLIST_KEY_UIApplicationSceneManifest_Generation = YES;
				INFOPLIST_KEY_UIApplicationSupportsIndirectInputEvents = YES;
				INFOPLIST_KEY_UILaunchScreen_Generation = YES;
				INFOPLIST_KEY_UISupportedInterfaceOrientations_iPad = "UIInterfaceOrientationPortrait UIInterfaceOrientationPortraitUpsideDown UIInterfaceOrientationLandscapeLeft UIInterfaceOrientationLandscapeRight";
				INFOPLIST_KEY_UISupportedInterfaceOrientations_iPhone = "UIInterfaceOrientationPortrait UIInterfaceOrientationLandscapeLeft UIInterfaceOrientationLandscapeRight";
				IPHONEOS_DEPLOYMENT_TARGET = 16.0;
				LD_RUNPATH_SEARCH_PATHS = (
					"$(inherited)",
					"@executable_path/Frameworks",
				);
				MARKETING_VERSION = 1.0;
				PRODUCT_BUNDLE_IDENTIFIER = "com.mattrobertson.Westminster-Standards";
				PRODUCT_NAME = "$(TARGET_NAME)";
				SDKROOT = iphoneos;
				SWIFT_EMIT_LOC_STRINGS = YES;
				SWIFT_VERSION = 5.0;
				TARGETED_DEVICE_FAMILY = "1,2";
			};
			name = Debug;
		};
		D809494E2788D2BD001AC162 /* Release */ = {
			isa = XCBuildConfiguration;
			buildSettings = {
				ALWAYS_EMBED_SWIFT_STANDARD_LIBRARIES = YES;
				ASSETCATALOG_COMPILER_APPICON_NAME = AppIcon;
				ASSETCATALOG_COMPILER_GLOBAL_ACCENT_COLOR_NAME = AccentColor;
				CODE_SIGN_STYLE = Automatic;
				CURRENT_PROJECT_VERSION = 1;
				DEVELOPMENT_ASSET_PATHS = "\"Westminster Standards/Preview Content\"";
				DEVELOPMENT_TEAM = YUCN7Q2M34;
				ENABLE_PREVIEWS = YES;
				GENERATE_INFOPLIST_FILE = YES;
				INFOPLIST_FILE = "Westminster-Standards-Info.plist";
				INFOPLIST_KEY_CFBundleDisplayName = Westminster;
				INFOPLIST_KEY_LSApplicationCategoryType = "public.app-category.reference";
				INFOPLIST_KEY_UIApplicationSceneManifest_Generation = YES;
				INFOPLIST_KEY_UIApplicationSupportsIndirectInputEvents = YES;
				INFOPLIST_KEY_UILaunchScreen_Generation = YES;
				INFOPLIST_KEY_UISupportedInterfaceOrientations_iPad = "UIInterfaceOrientationPortrait UIInterfaceOrientationPortraitUpsideDown UIInterfaceOrientationLandscapeLeft UIInterfaceOrientationLandscapeRight";
				INFOPLIST_KEY_UISupportedInterfaceOrientations_iPhone = "UIInterfaceOrientationPortrait UIInterfaceOrientationLandscapeLeft UIInterfaceOrientationLandscapeRight";
				IPHONEOS_DEPLOYMENT_TARGET = 16.0;
				LD_RUNPATH_SEARCH_PATHS = (
					"$(inherited)",
					"@executable_path/Frameworks",
				);
				MARKETING_VERSION = 1.0;
				PRODUCT_BUNDLE_IDENTIFIER = "com.mattrobertson.Westminster-Standards";
				PRODUCT_NAME = "$(TARGET_NAME)";
				SDKROOT = iphoneos;
				SWIFT_EMIT_LOC_STRINGS = YES;
				SWIFT_VERSION = 5.0;
				TARGETED_DEVICE_FAMILY = "1,2";
				VALIDATE_PRODUCT = YES;
			};
			name = Release;
		};
/* End XCBuildConfiguration section */

/* Begin XCConfigurationList section */
		0F54C0052A3A4477006818F2 /* Build configuration list for PBXNativeTarget "WestminsterChiefEndExtension" */ = {
			isa = XCConfigurationList;
			buildConfigurations = (
				0F54C0062A3A4477006818F2 /* Debug */,
				0F54C0072A3A4477006818F2 /* Release */,
			);
			defaultConfigurationIsVisible = 0;
			defaultConfigurationName = Release;
		};
		D80948E22788D2B9001AC162 /* Build configuration list for PBXProject "Westminster Standards" */ = {
			isa = XCConfigurationList;
			buildConfigurations = (
				D80949422788D2BD001AC162 /* Debug */,
				D80949432788D2BD001AC162 /* Release */,
			);
			defaultConfigurationIsVisible = 0;
			defaultConfigurationName = Release;
		};
		D809494C2788D2BD001AC162 /* Build configuration list for PBXNativeTarget "Westminster Standards" */ = {
			isa = XCConfigurationList;
			buildConfigurations = (
				D809494D2788D2BD001AC162 /* Debug */,
				D809494E2788D2BD001AC162 /* Release */,
			);
			defaultConfigurationIsVisible = 0;
			defaultConfigurationName = Release;
		};
/* End XCConfigurationList section */
	};
	rootObject = D80948DF2788D2B9001AC162 /* Project object */;
}
